{
  "lockfileVersion": 1,
  "configVersion": 1,
  "workspaces": {
    "": {
      "name": "geofarm",
      "dependencies": {
        "maplibre-gl": "^6.0.0",
      },
      "devDependencies": {
        "@types/bun": "^1.2.0",
        "@types/geojson": "^7946.0.16",
        "typescript": "^5.6.0",
      },
    },
    "packages/access": {
      "name": "@geofarm/access",
      "version": "0.0.0",
    },
    "packages/agent": {
      "name": "@geofarm/agent",
      "version": "0.0.0",
    },
    "packages/boundary": {
      "name": "@geofarm/boundary",
      "version": "0.0.0",
    },
    "packages/client/interaction": {
      "name": "@geofarm/client-interaction",
      "version": "0.0.0",
    },
    "packages/client/render": {
      "name": "@geofarm/client-render",
      "version": "0.0.0",
    },
    "packages/client/stores": {
      "name": "@geofarm/client-stores",
      "version": "0.0.0",
    },
    "packages/client/surface": {
      "name": "@geofarm/client-surface",
      "version": "0.0.0",
    },
    "packages/feeds/imagery": {
      "name": "@geofarm/feeds-imagery",
      "version": "0.0.0",
    },
    "packages/feeds/weather": {
      "name": "@geofarm/feeds-weather",
      "version": "0.0.0",
    },
    "packages/journal": {
      "name": "@geofarm/journal",
      "version": "0.0.0",
    },
    "packages/projection": {
      "name": "@geofarm/projection",
      "version": "0.0.0",
    },
    "packages/world": {
      "name": "@geofarm/world",
      "version": "0.0.0",
    },
  },
  "packages": {
    "@geofarm/access": ["@geofarm/access@workspace:packages/access"],

    "@geofarm/agent": ["@geofarm/agent@workspace:packages/agent"],

    "@geofarm/boundary": ["@geofarm/boundary@workspace:packages/boundary"],

    "@geofarm/client-interaction": ["@geofarm/client-interaction@workspace:packages/client/interaction"],

    "@geofarm/client-render": ["@geofarm/client-render@workspace:packages/client/render"],

    "@geofarm/client-stores": ["@geofarm/client-stores@workspace:packages/client/stores"],

    "@geofarm/client-surface": ["@geofarm/client-surface@workspace:packages/client/surface"],

    "@geofarm/feeds-imagery": ["@geofarm/feeds-imagery@workspace:packages/feeds/imagery"],

    "@geofarm/feeds-weather": ["@geofarm/feeds-weather@workspace:packages/feeds/weather"],

    "@geofarm/journal": ["@geofarm/journal@workspace:packages/journal"],

    "@geofarm/projection": ["@geofarm/projection@workspace:packages/projection"],

    "@geofarm/world": ["@geofarm/world@workspace:packages/world"],

    "@mapbox/jsonlint-lines-primitives": ["@mapbox/jsonlint-lines-primitives@2.0.3", "", {}, "sha512-0SElaV0uMxEnxzBhhX9WTuPyUeMsAN/SS0i16tjuba4/mio63MG9khjC1a0JAiPGXAwvwm4UfHJURCN7nyudQg=="],

    "@mapbox/point-geometry": ["@mapbox/point-geometry@1.1.0", "", {}, "sha512-YGcBz1cg4ATXDCM/71L9xveh4dynfGmcLDqufR+nQQy3fKwsAZsWd/x4621/6uJaeB9mwOHE6hPeDgXz9uViUQ=="],

    "@mapbox/tiny-sdf": ["@mapbox/tiny-sdf@2.2.0", "", {}, "sha512-LVL4wgI9YAum5V+LNVQO6QgFBPw7/MIIY4XJPNsPDMrjEwcE+JfKk1LuIl8GnF197ejVdC9QdPaxrx5gfgdGXg=="],

    "@mapbox/unitbezier": ["@mapbox/unitbezier@1.0.0", "", {}, "sha512-fqd515fjBmANKGGsQ286E2Wvj/XvDFpGzwJxq4CI6jMQue6Oy04uCKp+JWKF00xRTmk6cEu1jPJ9p3xqH8YWqQ=="],

    "@mapbox/vector-tile": ["@mapbox/vector-tile@3.0.0", "", { "dependencies": { "@mapbox/point-geometry": "~1.1.0", "@types/geojson": "^7946.0.16", "pbf": "^5.0.0" } }, "sha512-Qf10S1uIHMk20ri/IVBnpS+esUEkVaR5Hftmz88jTInrpmWgPGJfPe3LVjjlE77trLx8tH6qjTG7uWH9hIq/0Q=="],

    "@maplibre/geojson-vt": ["@maplibre/geojson-vt@6.1.1", "", { "dependencies": { "kdbush": "^4.1.0" } }, "sha512-FVMOcmSP/yqol45t7StApEyTL5/vmqBCuFhH9n+fFuINenhaX+YgHHIt1yJ86S8kln3uJLcMvmEU2cfn6E2eCQ=="],

    "@maplibre/maplibre-gl-style-spec": ["@maplibre/maplibre-gl-style-spec@26.2.1", "", { "dependencies": { "@mapbox/jsonlint-lines-primitives": "^2.0.3", "@mapbox/unitbezier": "^1.0.0", "json-stringify-pretty-compact": "^4.0.0", "minimist": "^1.2.8", "quickselect": "^3.0.0", "tinyqueue": "^3.0.0" }, "bin": { "gl-style-format": "dist/gl-style-format.mjs", "gl-style-migrate": "dist/gl-style-migrate.mjs", "gl-style-validate": "dist/gl-style-validate.mjs" } }, "sha512-QFKCXkOeSzOr8jF75jm6kySOg+dUvOehPhRi68gcOYPHb7U5JloUq0dJW0Y5/fZV8ygfT0Vp2RWodvq+fyxFWA=="],

    "@maplibre/mlt": ["@maplibre/mlt@1.1.12", "", { "dependencies": { "@mapbox/point-geometry": "^1.1.0" } }, "sha512-ZeK5w2TTeHOajcLaEQs1KZXw2V9wIKo1PmThlxlsHoXsQsYlBqLJzPOd6tJHRtGTChUY3DPPmjXRArYVvAbmZw=="],

    "@maplibre/vt-pbf": ["@maplibre/vt-pbf@4.3.2", "", { "dependencies": { "@mapbox/point-geometry": "^1.1.0", "@types/geojson": "^7946.0.16", "pbf": "^5.1.0" } }, "sha512-j6p0AdjvAR19Z3XaCysle7A4ZSo08tYOzxD0Y9NQylwPAkwJJeYub5b2eVucdeDh7erhv69DahoLOevDRERRUw=="],

    "@types/bun": ["@types/bun@1.3.14", "", { "dependencies": { "bun-types": "1.3.14" } }, "sha512-h1hFqFVcvAvD9j9K7ZW7vd82aSA+rTdznZa+5bwvCwqSB1jmmfLcbIWhOLx1/+boy/xmjgCs/OMUL8hRJSmnPw=="],

    "@types/geojson": ["@types/geojson@7946.0.16", "", {}, "sha512-6C8nqWur3j98U6+lXDfTUWIfgvZU+EumvpHKcYjujKH7woYyLj2sUmff0tRhrqM7BohUw7Pz3ZB1jj2gW9Fvmg=="],

    "@types/node": ["@types/node@26.1.1", "", { "dependencies": { "undici-types": "~8.3.0" } }, "sha512-nxAkRSVkN1Y0JC1W8ky/fTfkGsMmcrRsbx+3XoZE+rMOX71kLYTV7fLXpqud1GpbpP5TuffXFqfX7fH2GgZREw=="],

    "bun-types": ["bun-types@1.3.14", "", { "dependencies": { "@types/node": "*" } }, "sha512-4N0ig0fEomHt5R0KCFWjovxow98rIoRwKolrYdCcknNwMekCXRnWEUvgu5soYV8QXtVsrUD8B95MBOZGPvr6KQ=="],

    "earcut": ["earcut@3.2.3", "", {}, "sha512-vnS4AVwp1KHAF13i1vp1/2D5evWy3k5u/iW/B81QVsUZtV8cv2tU0b2VNFlqvh4kYwrFMDdjPCfAmfyJW9y14Q=="],

    "gl-matrix": ["gl-matrix@3.4.4", "", {}, "sha512-latSnyDNt/8zYUB6VIJ6PCh2jBjJX6gnDsoCZ7LyW7GkqrD51EWwa9qCoGixj8YqBtETQK/xY7OmpTF8xz1DdQ=="],

    "json-stringify-pretty-compact": ["json-stringify-pretty-compact@4.0.0", "", {}, "sha512-3CNZ2DnrpByG9Nqj6Xo8vqbjT4F6N+tb4Gb28ESAZjYZ5yqvmc56J+/kuIwkaAMOyblTQhUW7PxMkUb8Q36N3Q=="],

    "kdbush": ["kdbush@4.1.0", "", {}, "sha512-e9vurzrXJQrFX6ckpHP3bvj5l+9CnYzkxDNnNQ1h2QTqdWsUAJgXiKdGNcOa1EY85dU8KbQ+z/FdQdB7P+9yfQ=="],

    "maplibre-gl": ["maplibre-gl@6.0.0", "", { "dependencies": { "@mapbox/point-geometry": "^1.1.0", "@mapbox/tiny-sdf": "^2.2.0", "@mapbox/unitbezier": "^1.0.0", "@mapbox/vector-tile": "^3.0.0", "@maplibre/geojson-vt": "^6.1.1", "@maplibre/maplibre-gl-style-spec": "^26.1.0", "@maplibre/mlt": "^1.1.12", "@maplibre/vt-pbf": "^4.3.2", "@types/geojson": "^7946.0.16", "earcut": "^3.2.3", "gl-matrix": "^3.4.4", "kdbush": "^4.1.0", "murmurhash-js": "^1.0.0", "pbf": "^5.1.2", "potpack": "^2.1.0", "quickselect": "^3.0.0", "tinyqueue": "^3.0.0" } }, "sha512-1wBgEhzTZfA+cDpFdt0fM1mJA5mJ90fifORJ7D8JcKLJCvPT/iTx9bNxkP7DqEYde65DJd7gE7h83khwNRqdyg=="],

    "minimist": ["minimist@1.2.8", "", {}, "sha512-2yyAR8qBkN3YuheJanUpWC5U3bb5osDywNB8RzDVlDwDHbocAJveqqj1u8+SVD7jkWT4yvsHCpWqqWqAxb0zCA=="],

    "murmurhash-js": ["murmurhash-js@1.0.0", "", {}, "sha512-TvmkNhkv8yct0SVBSy+o8wYzXjE4Zz3PCesbfs8HiCXXdcTuocApFv11UWlNFWKYsP2okqrhb7JNlSm9InBhIw=="],

    "pbf": ["pbf@5.1.2", "", { "dependencies": { "resolve-protobuf-schema": "^2.1.0" }, "bin": { "pbf": "bin/pbf" } }, "sha512-mnvGdvOrIvJOBGUEdGkrVXjN8E/VkIJCkf2eS1DH2yv82ORUlLttmDt0rWY38yYZmVwciZwBUvHM20qxBZf40w=="],

    "potpack": ["potpack@2.1.0", "", {}, "sha512-pcaShQc1Shq0y+E7GqJqvZj8DTthWV1KeHGdi0Z6IAin2Oi3JnLCOfwnCo84qc+HAp52wT9nK9H7FAJp5a44GQ=="],

    "protocol-buffers-schema": ["protocol-buffers-schema@3.6.1", "", {}, "sha512-VG2K63Igkiv9p76tk1lilczEK1cT+kCjKtkdhw1dQZV3k3IXJbd3o6Ho8b9zJZaHSnT2hKe4I+ObmX9w6m5SmQ=="],

    "quickselect": ["quickselect@3.0.0", "", {}, "sha512-XdjUArbK4Bm5fLLvlm5KpTFOiOThgfWWI4axAZDWg4E/0mKdZyI9tNEfds27qCi1ze/vwTR16kvmmGhRra3c2g=="],

    "resolve-protobuf-schema": ["resolve-protobuf-schema@2.1.0", "", { "dependencies": { "protocol-buffers-schema": "^3.3.1" } }, "sha512-kI5ffTiZWmJaS/huM8wZfEMer1eRd7oJQhDuxeCLe3t7N7mX3z94CN0xPxBQxFYQTSNz9T0i+v6inKqSdK8xrQ=="],

    "tinyqueue": ["tinyqueue@3.0.0", "", {}, "sha512-gRa9gwYU3ECmQYv3lslts5hxuIa90veaEcxDYuu3QGOIAEM2mOZkVHp48ANJuu1CURtRdHKUBY5Lm1tHV+sD4g=="],

    "typescript": ["typescript@5.9.3", "", { "bin": { "tsc": "bin/tsc", "tsserver": "bin/tsserver" } }, "sha512-jl1vZzPDinLr9eUt3J/t7V6FgNEw9QjvBPdysz9KfQDD41fQrC2Y4vKQdiaUpFT4bXlb1RHhLpp8wtm6M5TgSw=="],

    "undici-types": ["undici-types@8.3.0", "", {}, "sha512-j375ScV60dom+YkPFIfTLcOiPxkN/buHz5GobjLhixFuANaNs3C9l4GmrWqejgXWJ7BbJcFYpTEUkS1Ge8bpZQ=="],
  }
}
